Microsoft Visual Studio Solution File, Format Version 12.00
# Visual Studio Version 17
VisualStudioVersion = 17.5.2.0
MinimumVisualStudioVersion = 10.0.40219.1
Project("{FAE04EC0-301F-11D3-BF4B-00C04F79EFBC}") = "isc-tmr-backend", "isc-tmr-backend.csproj", "{0252BC3E-7844-92E8-9019-17400A8AD450}"
EndProject
Global
	GlobalSection(SolutionConfigurationPlatforms) = preSolution
		Debug|Any CPU = Debug|Any CPU
		Release|Any CPU = Release|Any CPU
	EndGlobalSection
	GlobalSection(ProjectConfigurationPlatforms) = postSolution
		{0252BC3E-7844-92E8-9019-17400A8AD450}.Debug|Any CPU.ActiveCfg = Debug|Any CPU
		{0252BC3E-7844-92E8-9019-17400A8AD450}.Debug|Any CPU.Build.0 = Debug|Any CPU
		{0252BC3E-7844-92E8-9019-17400A8AD450}.Release|Any CPU.ActiveCfg = Release|Any CPU
		{0252BC3E-7844-92E8-9019-17400A8AD450}.Release|Any CPU.Build.0 = Release|Any CPU
	EndGlobalSection
	GlobalSection(SolutionProperties) = preSolution
		HideSolutionNode = FALSE
	EndGlobalSection
	GlobalSection(ExtensibilityGlobals) = postSolution
		SolutionGuid = {753D936A-9D9B-48C5-BC45-347643BFD411}
	EndGlobalSection
EndGlobal
